// !$*UTF8*$!
{
	archiveVersion = 1;
	classes = {
	};
	objectVersion = 51;
	objects = {

/* Begin PBXBuildFile section */
		95D0174958BF0C733048795E /* Pods_movieapp.framework in Frameworks */ = {isa = PBXBuildFile; fileRef = 87BE60BECAF591DBB3542E00 /* Pods_movieapp.framework */; };
		A9E32C68247CC3DE0029E748 /* MovieListView.swift in Sources */ = {isa = PBXBuildFile; fileRef = A9E32C67247CC3DE0029E748 /* MovieListView.swift */; };
		A9E32C6A247CC3FA0029E748 /* FavoritesView.swift in Sources */ = {isa = PBXBuildFile; fileRef = A9E32C69247CC3FA0029E748 /* FavoritesView.swift */; };
		A9E32C6C247CC40B0029E748 /* SearchView.swift in Sources */ = {isa = PBXBuildFile; fileRef = A9E32C6B247CC40B0029E748 /* SearchView.swift */; };
		A9E32C6E247CC52D0029E748 /* ViewModel.swift in Sources */ = {isa = PBXBuildFile; fileRef = A9E32C6D247CC52D0029E748 /* ViewModel.swift */; };
		A9E32C70247CC5D40029E748 /* NetworkManager.swift in Sources */ = {isa = PBXBuildFile; fileRef = A9E32C6F247CC5D40029E748 /* NetworkManager.swift */; };
		A9E32C72247CC63C0029E748 /* TheMovieDB_API.swift in Sources */ = {isa = PBXBuildFile; fileRef = A9E32C71247CC63C0029E748 /* TheMovieDB_API.swift */; };
		A9E32C74247CC6A70029E748 /* Movie.swift in Sources */ = {isa = PBXBuildFile; fileRef = A9E32C73247CC6A70029E748 /* Movie.swift */; };
		A9E32C76247CC6F60029E748 /* RatingModel.swift in Sources */ = {isa = PBXBuildFile; fileRef = A9E32C75247CC6F60029E748 /* RatingModel.swift */; };
		A9E32C78247CC77E0029E748 /* Results.swift in Sources */ = {isa = PBXBuildFile; fileRef = A9E32C77247CC77E0029E748 /* Results.swift */; };
		A9E32C7A247CC8030029E748 /* MovieRating.swift in Sources */ = {isa = PBXBuildFile; fileRef = A9E32C79247CC8030029E748 /* MovieRating.swift */; };
		A9E32C7C247CC90B0029E748 /* MovieRow.swift in Sources */ = {isa = PBXBuildFile; fileRef = A9E32C7B247CC90B0029E748 /* MovieRow.swift */; };
		A9E32C7E247CC9DB0029E748 /* RatingSummaryView.swift in Sources */ = {isa = PBXBuildFile; fileRef = A9E32C7D247CC9DB0029E748 /* RatingSummaryView.swift */; };
		A9E32C80247CCAE10029E748 /* ExampleDataProvider.swift in Sources */ = {isa = PBXBuildFile; fileRef = A9E32C7F247CCAE10029E748 /* ExampleDataProvider.swift */; };
		CE841053247C4F780048EFDE /* AppDelegate.swift in Sources */ = {isa = PBXBuildFile; fileRef = CE841052247C4F780048EFDE /* AppDelegate.swift */; };
		CE841055247C4F780048EFDE /* SceneDelegate.swift in Sources */ = {isa = PBXBuildFile; fileRef = CE841054247C4F780048EFDE /* SceneDelegate.swift */; };
		CE841057247C4F780048EFDE /* ContentView.swift in Sources */ = {isa = PBXBuildFile; fileRef = CE841056247C4F780048EFDE /* ContentView.swift */; };
		CE841059247C4F790048EFDE /* Assets.xcassets in Resources */ = {isa = PBXBuildFile; fileRef = CE841058247C4F790048EFDE /* Assets.xcassets */; };
		CE84105C247C4F790048EFDE /* Preview Assets.xcassets in Resources */ = {isa = PBXBuildFile; fileRef = CE84105B247C4F790048EFDE /* Preview Assets.xcassets */; };
		CE84105F247C4F790048EFDE /* LaunchScreen.storyboard in Resources */ = {isa = PBXBuildFile; fileRef = CE84105D247C4F790048EFDE /* LaunchScreen.storyboard */; };
/* End PBXBuildFile section */

/* Begin PBXFileReference section */
		42BA2B2535729B56CC659A3B /* Pods-movieapp.debug.xcconfig */ = {isa = PBXFileReference; includeInIndex = 1; lastKnownFileType = text.xcconfig; name = "Pods-movieapp.debug.xcconfig"; path = "Target Support Files/Pods-movieapp/Pods-movieapp.debug.xcconfig"; sourceTree = "<group>"; };
		87BE60BECAF591DBB3542E00 /* Pods_movieapp.framework */ = {isa = PBXFileReference; explicitFileType = wrapper.framework; includeInIndex = 0; path = Pods_movieapp.framework; sourceTree = BUILT_PRODUCTS_DIR; };
		A9E32C67247CC3DE0029E748 /* MovieListView.swift */ = {isa = PBXFileReference; lastKnownFileType = sourcecode.swift; path = MovieListView.swift; sourceTree = "<group>"; };
		A9E32C69247CC3FA0029E748 /* FavoritesView.swift */ = {isa = PBXFileReference; lastKnownFileType = sourcecode.swift; path = FavoritesView.swift; sourceTree = "<group>"; };
		A9E32C6B247CC40B0029E748 /* SearchView.swift */ = {isa = PBXFileReference; lastKnownFileType = sourcecode.swift; path = SearchView.swift; sourceTree = "<group>"; };
		A9E32C6D247CC52D0029E748 /* ViewModel.swift */ = {isa = PBXFileReference; lastKnownFileType = sourcecode.swift; path = ViewModel.swift; sourceTree = "<group>"; };
		A9E32C6F247CC5D40029E748 /* NetworkManager.swift */ = {isa = PBXFileReference; lastKnownFileType = sourcecode.swift; path = NetworkManager.swift; sourceTree = "<group>"; };
		A9E32C71247CC63C0029E748 /* TheMovieDB_API.swift */ = {isa = PBXFileReference; lastKnownFileType = sourcecode.swift; path = TheMovieDB_API.swift; sourceTree = "<group>"; };
		A9E32C73247CC6A70029E748 /* Movie.swift */ = {isa = PBXFileReference; lastKnownFileType = sourcecode.swift; path = Movie.swift; sourceTree = "<group>"; };
		A9E32C75247CC6F60029E748 /* RatingModel.swift */ = {isa = PBXFileReference; lastKnownFileType = sourcecode.swift; path = RatingModel.swift; sourceTree = "<group>"; };
		A9E32C77247CC77E0029E748 /* Results.swift */ = {isa = PBXFileReference; lastKnownFileType = sourcecode.swift; path = Results.swift; sourceTree = "<group>"; };
		A9E32C79247CC8030029E748 /* MovieRating.swift */ = {isa = PBXFileReference; lastKnownFileType = sourcecode.swift; path = MovieRating.swift; sourceTree = "<group>"; };
		A9E32C7B247CC90B0029E748 /* MovieRow.swift */ = {isa = PBXFileReference; lastKnownFileType = sourcecode.swift; path = MovieRow.swift; sourceTree = "<group>"; };
		A9E32C7D247CC9DB0029E748 /* RatingSummaryView.swift */ = {isa = PBXFileReference; lastKnownFileType = sourcecode.swift; path = RatingSummaryView.swift; sourceTree = "<group>"; };
		A9E32C7F247CCAE10029E748 /* ExampleDataProvider.swift */ = {isa = PBXFileReference; lastKnownFileType = sourcecode.swift; path = ExampleDataProvider.swift; sourceTree = "<group>"; };
		CE84104F247C4F780048EFDE /* movieapp.app */ = {isa = PBXFileReference; explicitFileType = wrapper.application; includeInIndex = 0; path = movieapp.app; sourceTree = BUILT_PRODUCTS_DIR; };
		CE841052247C4F780048EFDE /* AppDelegate.swift */ = {isa = PBXFileReference; lastKnownFileType = sourcecode.swift; path = AppDelegate.swift; sourceTree = "<group>"; };
		CE841054247C4F780048EFDE /* SceneDelegate.swift */ = {isa = PBXFileReference; lastKnownFileType = sourcecode.swift; path = SceneDelegate.swift; sourceTree = "<group>"; };
		CE841056247C4F780048EFDE /* ContentView.swift */ = {isa = PBXFileReference; lastKnownFileType = sourcecode.swift; path = ContentView.swift; sourceTree = "<group>"; };
		CE841058247C4F790048EFDE /* Assets.xcassets */ = {isa = PBXFileReference; lastKnownFileType = folder.assetcatalog; path = Assets.xcassets; sourceTree = "<group>"; };
		CE84105B247C4F790048EFDE /* Preview Assets.xcassets */ = {isa = PBXFileReference; lastKnownFileType = folder.assetcatalog; path = "Preview Assets.xcassets"; sourceTree = "<group>"; };
		CE84105E247C4F790048EFDE /* Base */ = {isa = PBXFileReference; lastKnownFileType = file.storyboard; name = Base; path = Base.lproj/LaunchScreen.storyboard; sourceTree = "<group>"; };
		CE841060247C4F790048EFDE /* Info.plist */ = {isa = PBXFileReference; lastKnownFileType = text.plist.xml; path = Info.plist; sourceTree = "<group>"; };
		E161DD4EBA57EE9377AFD21A /* Pods-movieapp.release.xcconfig */ = {isa = PBXFileReference; includeInIndex = 1; lastKnownFileType = text.xcconfig; name = "Pods-movieapp.release.xcconfig"; path = "Target Support Files/Pods-movieapp/Pods-movieapp.release.xcconfig"; sourceTree = "<group>"; };
/* End PBXFileReference section */

/* Begin PBXFrameworksBuildPhase section */
		CE84104C247C4F770048EFDE /* Frameworks */ = {
			isa = PBXFrameworksBuildPhase;
			buildActionMask = 2147483647;
			files = (
				95D0174958BF0C733048795E /* Pods_movieapp.framework in Frameworks */,
			);
			runOnlyForDeploymentPostprocessing = 0;
		};
/* End PBXFrameworksBuildPhase section */

/* Begin PBXGroup section */
		30B5FB51F1811A7FE0B75485 /* Frameworks */ = {
			isa = PBXGroup;
			children = (
				87BE60BECAF591DBB3542E00 /* Pods_movieapp.framework */,
			);
			name = Frameworks;
			sourceTree = "<group>";
		};
		A9E32C64247CC3820029E748 /* UI */ = {
			isa = PBXGroup;
			children = (
				CE841056247C4F780048EFDE /* ContentView.swift */,
				A9E32C67247CC3DE0029E748 /* MovieListView.swift */,
				A9E32C7B247CC90B0029E748 /* MovieRow.swift */,
				A9E32C7D247CC9DB0029E748 /* RatingSummaryView.swift */,
				A9E32C69247CC3FA0029E748 /* FavoritesView.swift */,
				A9E32C6B247CC40B0029E748 /* SearchView.swift */,
				A9E32C6D247CC52D0029E748 /* ViewModel.swift */,
			);
			path = UI;
			sourceTree = "<group>";
		};
		A9E32C65247CC38D0029E748 /* Service */ = {
			isa = PBXGroup;
			children = (
				A9E32C6F247CC5D40029E748 /* NetworkManager.swift */,
				A9E32C71247CC63C0029E748 /* TheMovieDB_API.swift */,
			);
			path = Service;
			sourceTree = "<group>";
		};
		A9E32C66247CC3990029E748 /* Model */ = {
			isa = PBXGroup;
			children = (
				A9E32C73247CC6A70029E748 /* Movie.swift */,
				A9E32C75247CC6F60029E748 /* RatingModel.swift */,
				A9E32C77247CC77E0029E748 /* Results.swift */,
				A9E32C79247CC8030029E748 /* MovieRating.swift */,
				A9E32C7F247CCAE10029E748 /* ExampleDataProvider.swift */,
			);
			path = Model;
			sourceTree = "<group>";
		};
		CE841046247C4F770048EFDE = {
			isa = PBXGroup;
			children = (
				CE841051247C4F780048EFDE /* movieapp */,
				CE841050247C4F780048EFDE /* Products */,
				D7D84356A92CBCDB29881F51 /* Pods */,
				30B5FB51F1811A7FE0B75485 /* Frameworks */,
			);
			sourceTree = "<group>";
		};
		CE841050247C4F780048EFDE /* Products */ = {
			isa = PBXGroup;
			children = (
				CE84104F247C4F780048EFDE /* movieapp.app */,
			);
			name = Products;
			sourceTree = "<group>";
		};
		CE841051247C4F780048EFDE /* movieapp */ = {
			isa = PBXGroup;
			children = (
				A9E32C64247CC3820029E748 /* UI */,
				A9E32C66247CC3990029E748 /* Model */,
				A9E32C65247CC38D0029E748 /* Service */,
				CE841052247C4F780048EFDE /* AppDelegate.swift */,
				CE841054247C4F780048EFDE /* SceneDelegate.swift */,
				CE841058247C4F790048EFDE /* Assets.xcassets */,
				CE84105D247C4F790048EFDE /* LaunchScreen.storyboard */,
				CE841060247C4F790048EFDE /* Info.plist */,
				CE84105A247C4F790048EFDE /* Preview Content */,
			);
			path = movieapp;
			sourceTree = "<group>";
		};
		CE84105A247C4F790048EFDE /* Preview Content */ = {
			isa = PBXGroup;
			children = (
				CE84105B247C4F790048EFDE /* Preview Assets.xcassets */,
			);
			path = "Preview Content";
			sourceTree = "<group>";
		};
		D7D84356A92CBCDB29881F51 /* Pods */ = {
			isa = PBXGroup;
			children = (
				42BA2B2535729B56CC659A3B /* Pods-movieapp.debug.xcconfig */,
				E161DD4EBA57EE9377AFD21A /* Pods-movieapp.release.xcconfig */,
			);
			path = Pods;
			sourceTree = "<group>";
		};
/* End PBXGroup section */

/* Begin PBXNativeTarget section */
		CE84104E247C4F770048EFDE /* movieapp */ = {
			isa = PBXNativeTarget;
			buildConfigurationList = CE841063247C4F790048EFDE /* Build configuration list for PBXNativeTarget "movieapp" */;
			buildPhases = (
				76F660F7161D4C5E95459F93 /* [CP] Check Pods Manifest.lock */,
				CE84104B247C4F770048EFDE /* Sources */,
				CE84104C247C4F770048EFDE /* Frameworks */,
				CE84104D247C4F770048EFDE /* Resources */,
				09139EDDDA9A01092CC0FC28 /* [CP] Embed Pods Frameworks */,
			);
			buildRules = (
			);
			dependencies = (
			);
			name = movieapp;
			productName = movieapp;
			productReference = CE84104F247C4F780048EFDE /* movieapp.app */;
			productType = "com.apple.product-type.application";
		};
/* End PBXNativeTarget section */

/* Begin PBXProject section */
		CE841047247C4F770048EFDE /* Project object */ = {
			isa = PBXProject;
			attributes = {
				LastSwiftUpdateCheck = 1150;
				LastUpgradeCheck = 1150;
				ORGANIZATIONNAME = "fhnw-ws6c";
				TargetAttributes = {
					CE84104E247C4F770048EFDE = {
						CreatedOnToolsVersion = 11.5;
					};
				};
			};
			buildConfigurationList = CE84104A247C4F770048EFDE /* Build configuration list for PBXProject "movieapp" */;
			compatibilityVersion = "Xcode 9.3";
			developmentRegion = en;
			hasScannedForEncodings = 0;
			knownRegions = (
				en,
				Base,
			);
			mainGroup = CE841046247C4F770048EFDE;
			productRefGroup = CE841050247C4F780048EFDE /* Products */;
			projectDirPath = "";
			projectRoot = "";
			targets = (
				CE84104E247C4F770048EFDE /* movieapp */,
			);
		};
/* End PBXProject section */

/* Begin PBXResourcesBuildPhase section */
		CE84104D247C4F770048EFDE /* Resources */ = {
			isa = PBXResourcesBuildPhase;
			buildActionMask = 2147483647;
			files = (
				CE84105F247C4F790048EFDE /* LaunchScreen.storyboard in Resources */,
				CE84105C247C4F790048EFDE /* Preview Assets.xcassets in Resources */,
				CE841059247C4F790048EFDE /* Assets.xcassets in Resources */,
			);
			runOnlyForDeploymentPostprocessing = 0;
		};
/* End PBXResourcesBuildPhase section */

/* Begin PBXShellScriptBuildPhase section */
		09139EDDDA9A01092CC0FC28 /* [CP] Embed Pods Frameworks */ = {
			isa = PBXShellScriptBuildPhase;
			buildActionMask = 2147483647;
			files = (
			);
			inputFileListPaths = (
				"${PODS_ROOT}/Target Support Files/Pods-movieapp/Pods-movieapp-frameworks-${CONFIGURATION}-input-files.xcfilelist",
			);
			name = "[CP] Embed Pods Frameworks";
			outputFileListPaths = (
				"${PODS_ROOT}/Target Support Files/Pods-movieapp/Pods-movieapp-frameworks-${CONFIGURATION}-output-files.xcfilelist",
			);
			runOnlyForDeploymentPostprocessing = 0;
			shellPath = /bin/sh;
			shellScript = "\"${PODS_ROOT}/Target Support Files/Pods-movieapp/Pods-movieapp-frameworks.sh\"\n";
			showEnvVarsInLog = 0;
		};
		76F660F7161D4C5E95459F93 /* [CP] Check Pods Manifest.lock */ = {
			isa = PBXShellScriptBuildPhase;
			buildActionMask = 2147483647;
			files = (
			);
			inputFileListPaths = (
			);
			inputPaths = (
				"${PODS_PODFILE_DIR_PATH}/Podfile.lock",
				"${PODS_ROOT}/Manifest.lock",
			);
			name = "[CP] Check Pods Manifest.lock";
			outputFileListPaths = (
			);
			outputPaths = (
				"$(DERIVED_FILE_DIR)/Pods-movieapp-checkManifestLockResult.txt",
			);
			runOnlyForDeploymentPostprocessing = 0;
			shellPath = /bin/sh;
			shellScript = "diff \"${PODS_PODFILE_DIR_PATH}/Podfile.lock\" \"${PODS_ROOT}/Manifest.lock\" > /dev/null\nif [ $? != 0 ] ; then\n    # print error to STDERR\n    echo \"error: The sandbox is not in sync with the Podfile.lock. Run 'pod install' or update your CocoaPods installation.\" >&2\n    exit 1\nfi\n# This output is used by Xcode 'outputs' to avoid re-running this script phase.\necho \"SUCCESS\" > \"${SCRIPT_OUTPUT_FILE_0}\"\n";
			showEnvVarsInLog = 0;
		};
/* End PBXShellScriptBuildPhase section */

/* Begin PBXSourcesBuildPhase section */
		CE84104B247C4F770048EFDE /* Sources */ = {
			isa = PBXSourcesBuildPhase;
			buildActionMask = 2147483647;
			files = (
				A9E32C7A247CC8030029E748 /* MovieRating.swift in Sources */,
				A9E32C6A247CC3FA0029E748 /* FavoritesView.swift in Sources */,
				A9E32C72247CC63C0029E748 /* TheMovieDB_API.swift in Sources */,
				CE841053247C4F780048EFDE /* AppDelegate.swift in Sources */,
				A9E32C68247CC3DE0029E748 /* MovieListView.swift in Sources */,
				A9E32C80247CCAE10029E748 /* ExampleDataProvider.swift in Sources */,
				A9E32C76247CC6F60029E748 /* RatingModel.swift in Sources */,
				A9E32C74247CC6A70029E748 /* Movie.swift in Sources */,
				A9E32C78247CC77E0029E748 /* Results.swift in Sources */,
				CE841055247C4F780048EFDE /* SceneDelegate.swift in Sources */,
				A9E32C70247CC5D40029E748 /* NetworkManager.swift in Sources */,
				A9E32C6C247CC40B0029E748 /* SearchView.swift in Sources */,
				A9E32C7C247CC90B0029E748 /* MovieRow.swift in Sources */,
				CE841057247C4F780048EFDE /* ContentView.swift in Sources */,
				A9E32C7E247CC9DB0029E748 /* RatingSummaryView.swift in Sources */,
				A9E32C6E247CC52D0029E748 /* ViewModel.swift in Sources */,
			);
			runOnlyForDeploymentPostprocessing = 0;
		};
/* End PBXSourcesBuildPhase section */

/* Begin PBXVariantGroup section */
		CE84105D247C4F790048EFDE /* LaunchScreen.storyboard */ = {
			isa = PBXVariantGroup;
			children = (
				CE84105E247C4F790048EFDE /* Base */,
			);
			name = LaunchScreen.storyboard;
			sourceTree = "<group>";
		};
/* End PBXVariantGroup section */

/* Begin XCBuildConfiguration section */
		CE841061247C4F790048EFDE /* Debug */ = {
			isa = XCBuildConfiguration;
			buildSettings = {
				ALWAYS_SEARCH_USER_PATHS = NO;
				CLANG_ANALYZER_NONNULL = YES;
				CLANG_ANALYZER_NUMBER_OBJECT_CONVERSION = YES_AGGRESSIVE;
				CLANG_CXX_LANGUAGE_STANDARD = "gnu++14";
				CLANG_CXX_LIBRARY = "libc++";
				CLANG_ENABLE_MODULES = YES;
				CLANG_ENABLE_OBJC_ARC = YES;
				CLANG_ENABLE_OBJC_WEAK = YES;
				CLANG_WARN_BLOCK_CAPTURE_AUTORELEASING = YES;
				CLANG_WARN_BOOL_CONVERSION = YES;
				CLANG_WARN_COMMA = YES;
				CLANG_WARN_CONSTANT_CONVERSION = YES;
				CLANG_WARN_DEPRECATED_OBJC_IMPLEMENTATIONS = YES;
				CLANG_WARN_DIRECT_OBJC_ISA_USAGE = YES_ERROR;
				CLANG_WARN_DOCUMENTATION_COMMENTS = YES;
				CLANG_WARN_EMPTY_BODY = YES;
				CLANG_WARN_ENUM_CONVERSION = YES;
				CLANG_WARN_INFINITE_RECURSION = YES;
				CLANG_WARN_INT_CONVERSION = YES;
				CLANG_WARN_NON_LITERAL_NULL_CONVERSION = YES;
				CLANG_WARN_OBJC_IMPLICIT_RETAIN_SELF = YES;
				CLANG_WARN_OBJC_LITERAL_CONVERSION = YES;
				CLANG_WARN_OBJC_ROOT_CLASS = YES_ERROR;
				CLANG_WARN_RANGE_LOOP_ANALYSIS = YES;
				CLANG_WARN_STRICT_PROTOTYPES = YES;
				CLANG_WARN_SUSPICIOUS_MOVE = YES;
				CLANG_WARN_UNGUARDED_AVAILABILITY = YES_AGGRESSIVE;
				CLANG_WARN_UNREACHABLE_CODE = YES;
				CLANG_WARN__DUPLICATE_METHOD_MATCH = YES;
				COPY_PHASE_STRIP = NO;
				DEBUG_INFORMATION_FORMAT = dwarf;
				ENABLE_STRICT_OBJC_MSGSEND = YES;
				ENABLE_TESTABILITY = YES;
				GCC_C_LANGUAGE_STANDARD = gnu11;
				GCC_DYNAMIC_NO_PIC = NO;
				GCC_NO_COMMON_BLOCKS = YES;
				GCC_OPTIMIZATION_LEVEL = 0;
				GCC_PREPROCESSOR_DEFINITIONS = (
					"DEBUG=1",
					"$(inherited)",
				);
				GCC_WARN_64_TO_32_BIT_CONVERSION = YES;
				GCC_WARN_ABOUT_RETURN_TYPE = YES_ERROR;
				GCC_WARN_UNDECLARED_SELECTOR = YES;
				GCC_WARN_UNINITIALIZED_AUTOS = YES_AGGRESSIVE;
				GCC_WARN_UNUSED_FUNCTION = YES;
				GCC_WARN_UNUSED_VARIABLE = YES;
				IPHONEOS_DEPLOYMENT_TARGET = 13.5;
				MTL_ENABLE_DEBUG_INFO = INCLUDE_SOURCE;
				MTL_FAST_MATH = YES;
				ONLY_ACTIVE_ARCH = YES;
				SDKROOT = iphoneos;
				SWIFT_ACTIVE_COMPILATION_CONDITIONS = DEBUG;
				SWIFT_OPTIMIZATION_LEVEL = "-Onone";
			};
			name = Debug;
		};
		CE841062247C4F790048EFDE /* Release */ = {
			isa = XCBuildConfiguration;
			buildSettings = {
				ALWAYS_SEARCH_USER_PATHS = NO;
				CLANG_ANALYZER_NONNULL = YES;
				CLANG_ANALYZER_NUMBER_OBJECT_CONVERSION = YES_AGGRESSIVE;
				CLANG_CXX_LANGUAGE_STANDARD = "gnu++14";
				CLANG_CXX_LIBRARY = "libc++";
				CLANG_ENABLE_MODULES = YES;
				CLANG_ENABLE_OBJC_ARC = YES;
				CLANG_ENABLE_OBJC_WEAK = YES;
				CLANG_WARN_BLOCK_CAPTURE_AUTORELEASING = YES;
				CLANG_WARN_BOOL_CONVERSION = YES;
				CLANG_WARN_COMMA = YES;
				CLANG_WARN_CONSTANT_CONVERSION = YES;
				CLANG_WARN_DEPRECATED_OBJC_IMPLEMENTATIONS = YES;
				CLANG_WARN_DIRECT_OBJC_ISA_USAGE = YES_ERROR;
				CLANG_WARN_DOCUMENTATION_COMMENTS = YES;
				CLANG_WARN_EMPTY_BODY = YES;
				CLANG_WARN_ENUM_CONVERSION = YES;
				CLANG_WARN_INFINITE_RECURSION = YES;
				CLANG_WARN_INT_CONVERSION = YES;
				CLANG_WARN_NON_LITERAL_NULL_CONVERSION = YES;
				CLANG_WARN_OBJC_IMPLICIT_RETAIN_SELF = YES;
				CLANG_WARN_OBJC_LITERAL_CONVERSION = YES;
				CLANG_WARN_OBJC_ROOT_CLASS = YES_ERROR;
				CLANG_WARN_RANGE_LOOP_ANALYSIS = YES;
				CLANG_WARN_STRICT_PROTOTYPES = YES;
				CLANG_WARN_SUSPICIOUS_MOVE = YES;
				CLANG_WARN_UNGUARDED_AVAILABILITY = YES_AGGRESSIVE;
				CLANG_WARN_UNREACHABLE_CODE = YES;
				CLANG_WARN__DUPLICATE_METHOD_MATCH = YES;
				COPY_PHASE_STRIP = NO;
				DEBUG_INFORMATION_FORMAT = "dwarf-with-dsym";
				ENABLE_NS_ASSERTIONS = NO;
				ENABLE_STRICT_OBJC_MSGSEND = YES;
				GCC_C_LANGUAGE_STANDARD = gnu11;
				GCC_NO_COMMON_BLOCKS = YES;
				GCC_WARN_64_TO_32_BIT_CONVERSION = YES;
				GCC_WARN_ABOUT_RETURN_TYPE = YES_ERROR;
				GCC_WARN_UNDECLARED_SELECTOR = YES;
				GCC_WARN_UNINITIALIZED_AUTOS = YES_AGGRESSIVE;
				GCC_WARN_UNUSED_FUNCTION = YES;
				GCC_WARN_UNUSED_VARIABLE = YES;
				IPHONEOS_DEPLOYMENT_TARGET = 13.5;
				MTL_ENABLE_DEBUG_INFO = NO;
				MTL_FAST_MATH = YES;
				SDKROOT = iphoneos;
				SWIFT_COMPILATION_MODE = wholemodule;
				SWIFT_OPTIMIZATION_LEVEL = "-O";
				VALIDATE_PRODUCT = YES;
			};
			name = Release;
		};
		CE841064247C4F790048EFDE /* Debug */ = {
			isa = XCBuildConfiguration;
			baseConfigurationReference = 42BA2B2535729B56CC659A3B /* Pods-movieapp.debug.xcconfig */;
			buildSettings = {
				ASSETCATALOG_COMPILER_APPICON_NAME = AppIcon;
				CODE_SIGN_STYLE = Automatic;
				DEVELOPMENT_ASSET_PATHS = "\"movieapp/Preview Content\"";
				ENABLE_PREVIEWS = YES;
				INFOPLIST_FILE = movieapp/Info.plist;
				LD_RUNPATH_SEARCH_PATHS = (
					"$(inherited)",
					"@executable_path/Frameworks",
				);
				PRODUCT_BUNDLE_IDENTIFIER = fhnw.movieapp;
				PRODUCT_NAME = "$(TARGET_NAME)";
				SWIFT_VERSION = 5.0;
				TARGETED_DEVICE_FAMILY = "1,2";
			};
			name = Debug;
		};
		CE841065247C4F790048EFDE /* Release */ = {
			isa = XCBuildConfiguration;
			baseConfigurationReference = E161DD4EBA57EE9377AFD21A /* Pods-movieapp.release.xcconfig */;
			buildSettings = {
				ASSETCATALOG_COMPILER_APPICON_NAME = AppIcon;
				CODE_SIGN_STYLE = Automatic;
				DEVELOPMENT_ASSET_PATHS = "\"movieapp/Preview Content\"";
				ENABLE_PREVIEWS = YES;
				INFOPLIST_FILE = movieapp/Info.plist;
				LD_RUNPATH_SEARCH_PATHS = (
					"$(inherited)",
					"@executable_path/Frameworks",
				);
				PRODUCT_BUNDLE_IDENTIFIER = fhnw.movieapp;
				PRODUCT_NAME = "$(TARGET_NAME)";
				SWIFT_VERSION = 5.0;
				TARGETED_DEVICE_FAMILY = "1,2";
			};
			name = Release;
		};
/* End XCBuildConfiguration section */

/* Begin XCConfigurationList section */
		CE84104A247C4F770048EFDE /* Build configuration list for PBXProject "movieapp" */ = {
			isa = XCConfigurationList;
			buildConfigurations = (
				CE841061247C4F790048EFDE /* Debug */,
				CE841062247C4F790048EFDE /* Release */,
			);
			defaultConfigurationIsVisible = 0;
			defaultConfigurationName = Release;
		};
		CE841063247C4F790048EFDE /* Build configuration list for PBXNativeTarget "movieapp" */ = {
			isa = XCConfigurationList;
			buildConfigurations = (
				CE841064247C4F790048EFDE /* Debug */,
				CE841065247C4F790048EFDE /* Release */,
			);
			defaultConfigurationIsVisible = 0;
			defaultConfigurationName = Release;
		};
/* End XCConfigurationList section */
	};
	rootObject = CE841047247C4F770048EFDE /* Project object */;
}
